
Microsoft Visual Studio Solution File, Format Version 12.00
# Visual Studio Version 17
VisualStudioVersion = 17.0.31912.275
MinimumVisualStudioVersion = 10.0.40219.1
Project("{9A19103F-16F7-4668-BE54-9A1E7A4F7556}") = "Automarket", "Automarket\Automarket.csproj", "{C9B1913D-CADA-430C-B5D8-B9615E0DA6EC}"
EndProject
Project("{2150E333-8FDC-42A3-9474-1A3956D46DE8}") = "Domain", "Domain", "{BDB6A1B2-8F5F-4F8C-B14F-58EB11B50E13}"
EndProject
Project("{9A19103F-16F7-4668-BE54-9A1E7A4F7556}") = "Automarket.Domain", "Automarket.Domain\Automarket.Domain.csproj", "{36E5801B-AF42-49BF-A2E3-C4F9E54AD9BB}"
EndProject
Project("{2150E333-8FDC-42A3-9474-1A3956D46DE8}") = "DAL", "DAL", "{B63647A1-8331-43E6-8BF9-E6F319D2FF3F}"
EndProject
Project("{FAE04EC0-301F-11D3-BF4B-00C04F79EFBC}") = "Automarket.DAL", "Automarket.DAL\Automarket.DAL.csproj", "{E204D8A4-B401-414D-89D4-FFCF89585279}"
EndProject
Global
	GlobalSection(SolutionConfigurationPlatforms) = preSolution
		Debug|Any CPU = Debug|Any CPU
		Release|Any CPU = Release|Any CPU
	EndGlobalSection
	GlobalSection(ProjectConfigurationPlatforms) = postSolution
		{C9B1913D-CADA-430C-B5D8-B9615E0DA6EC}.Debug|Any CPU.ActiveCfg = Debug|Any CPU
		{C9B1913D-CADA-430C-B5D8-B9615E0DA6EC}.Debug|Any CPU.Build.0 = Debug|Any CPU
		{C9B1913D-CADA-430C-B5D8-B9615E0DA6EC}.Release|Any CPU.ActiveCfg = Release|Any CPU
		{C9B1913D-CADA-430C-B5D8-B9615E0DA6EC}.Release|Any CPU.Build.0 = Release|Any CPU
		{36E5801B-AF42-49BF-A2E3-C4F9E54AD9BB}.Debug|Any CPU.ActiveCfg = Debug|Any CPU
		{36E5801B-AF42-49BF-A2E3-C4F9E54AD9BB}.Debug|Any CPU.Build.0 = Debug|Any CPU
		{36E5801B-AF42-49BF-A2E3-C4F9E54AD9BB}.Release|Any CPU.ActiveCfg = Release|Any CPU
		{36E5801B-AF42-49BF-A2E3-C4F9E54AD9BB}.Release|Any CPU.Build.0 = Release|Any CPU
		{E204D8A4-B401-414D-89D4-FFCF89585279}.Debug|Any CPU.ActiveCfg = Debug|Any CPU
		{E204D8A4-B401-414D-89D4-FFCF89585279}.Debug|Any CPU.Build.0 = Debug|Any CPU
		{E204D8A4-B401-414D-89D4-FFCF89585279}.Release|Any CPU.ActiveCfg = Release|Any CPU
		{E204D8A4-B401-414D-89D4-FFCF89585279}.Release|Any CPU.Build.0 = Release|Any CPU
	EndGlobalSection
	GlobalSection(SolutionProperties) = preSolution
		HideSolutionNode = FALSE
	EndGlobalSection
	GlobalSection(NestedProjects) = preSolution
		{36E5801B-AF42-49BF-A2E3-C4F9E54AD9BB} = {BDB6A1B2-8F5F-4F8C-B14F-58EB11B50E13}
		{E204D8A4-B401-414D-89D4-FFCF89585279} = {B63647A1-8331-43E6-8BF9-E6F319D2FF3F}
	EndGlobalSection
	GlobalSection(ExtensibilityGlobals) = postSolution
		SolutionGuid = {B9F88398-2306-4F8A-8AB1-6B00287FFE1F}
	EndGlobalSection
EndGlobal
